
Microsoft Visual Studio Solution File, Format Version 10.00
# Visual Studio 2008
Project("{FAE04EC0-301F-11D3-BF4B-00C04F79EFBC}") = "DotNetMigrations", "src\DotNetMigrations\DotNetMigrations.csproj", "{B7080C31-CF25-4BF9-9BEE-19ACFE5081F1}"
EndProject
Project("{FAE04EC0-301F-11D3-BF4B-00C04F79EFBC}") = "DotNetMigrations_UnitTests", "src\DotNetMigrations_UnitTests\DotNetMigrations_UnitTests.csproj", "{FF3621F4-E0D6-4584-A58E-75EBDDE292C1}"
EndProject
Project("{FAE04EC0-301F-11D3-BF4B-00C04F79EFBC}") = "DotNetMigrations.Core", "src\DotNetMigrations.Core\DotNetMigrations.Core.csproj", "{5CEC9598-E28B-4A1C-ABF7-85E5A17E0C79}"
EndProject
Project("{2150E333-8FDC-42A3-9474-1A3956D46DE8}") = "Build Script", "Build Script", "{F9278534-B545-4796-ADC1-FCD46031939B}"
	ProjectSection(SolutionItems) = preProject
		BuildFile.build = BuildFile.build
	EndProjectSection
EndProject
Project("{2150E333-8FDC-42A3-9474-1A3956D46DE8}") = "Solution Items", "Solution Items", "{2F33E86A-EC08-463C-A380-61B01D377561}"
	ProjectSection(SolutionItems) = preProject
		CHANGELOG.txt = CHANGELOG.txt
		CONTRIBUTORS.txt = CONTRIBUTORS.txt
		LICENSE.txt = LICENSE.txt
		TODO.txt = TODO.txt
	EndProjectSection
EndProject
Global
	GlobalSection(SolutionConfigurationPlatforms) = preSolution
		Debug|Any CPU = Debug|Any CPU
		Release|Any CPU = Release|Any CPU
	EndGlobalSection
	GlobalSection(ProjectConfigurationPlatforms) = postSolution
		{B7080C31-CF25-4BF9-9BEE-19ACFE5081F1}.Debug|Any CPU.ActiveCfg = Debug|Any CPU
		{B7080C31-CF25-4BF9-9BEE-19ACFE5081F1}.Debug|Any CPU.Build.0 = Debug|Any CPU
		{B7080C31-CF25-4BF9-9BEE-19ACFE5081F1}.Release|Any CPU.ActiveCfg = Release|Any CPU
		{B7080C31-CF25-4BF9-9BEE-19ACFE5081F1}.Release|Any CPU.Build.0 = Release|Any CPU
		{FF3621F4-E0D6-4584-A58E-75EBDDE292C1}.Debug|Any CPU.ActiveCfg = Debug|Any CPU
		{FF3621F4-E0D6-4584-A58E-75EBDDE292C1}.Debug|Any CPU.Build.0 = Debug|Any CPU
		{FF3621F4-E0D6-4584-A58E-75EBDDE292C1}.Release|Any CPU.ActiveCfg = Release|Any CPU
		{FF3621F4-E0D6-4584-A58E-75EBDDE292C1}.Release|Any CPU.Build.0 = Release|Any CPU
		{5CEC9598-E28B-4A1C-ABF7-85E5A17E0C79}.Debug|Any CPU.ActiveCfg = Debug|Any CPU
		{5CEC9598-E28B-4A1C-ABF7-85E5A17E0C79}.Debug|Any CPU.Build.0 = Debug|Any CPU
		{5CEC9598-E28B-4A1C-ABF7-85E5A17E0C79}.Release|Any CPU.ActiveCfg = Release|Any CPU
		{5CEC9598-E28B-4A1C-ABF7-85E5A17E0C79}.Release|Any CPU.Build.0 = Release|Any CPU
	EndGlobalSection
	GlobalSection(SolutionProperties) = preSolution
		HideSolutionNode = FALSE
	EndGlobalSection
EndGlobal
